<?xml version="1.0" encoding="utf-8"?>
<Project ToolsVersion="4.0" xmlns="http://schemas.microsoft.com/developer/msbuild/2003">
  <ItemGroup>
    <Filter Include="Source Files">
      <UniqueIdentifier>{4FC737F1-C7A5-4376-A066-2A32D752A2FF}</UniqueIdentifier>
      <Extensions>cpp;c;cc;cxx;def;odl;idl;hpj;bat;asm;asmx</Extensions>
    </Filter>
    <Filter Include="Header Files">
      <UniqueIdentifier>{93995380-89BD-4b04-88EB-625FBE52EBFB}</UniqueIdentifier>
      <Extensions>h;hh;hpp;hxx;hm;inl;inc;ipp;xsd</Extensions>
    </Filter>
    <Filter Include="Resource Files">
      <UniqueIdentifier>{67DA6AB6-F800-4c08-8B7A-83BB121AAD01}</UniqueIdentifier>
      <Extensions>rc;ico;cur;bmp;dlg;rc2;rct;bin;rgs;gif;jpg;jpeg;jpe;resx;tiff;tif;png;wav;mfcribbon-ms</Extensions>
    </Filter>
    <Filter Include="Resource Files\LeetCode">
      <UniqueIdentifier>{c70d16ff-6d37-4217-be77-c05ffb3e9965}</UniqueIdentifier>
    </Filter>
    <Filter Include="Resource Files\LeetCode\HashTable">
      <UniqueIdentifier>{3e16882f-45d5-424f-8394-5770ce0e5e5e}</UniqueIdentifier>
    </Filter>
    <Filter Include="Resource Files\LeetCode\BitManipulation">
      <UniqueIdentifier>{dda17555-90da-43be-864a-07eda9b5b6a8}</UniqueIdentifier>
    </Filter>
    <Filter Include="Resource Files\LeetCode\Array">
      <UniqueIdentifier>{1e832dff-d713-41cb-8e44-ab51f5cb5423}</UniqueIdentifier>
    </Filter>
    <Filter Include="Resource Files\LeetCode\BinarySearch">
      <UniqueIdentifier>{8f450472-3a1c-40dc-ac74-c2adf76014f2}</UniqueIdentifier>
    </Filter>
    <Filter Include="Resource Files\LeetCode\Tree">
      <UniqueIdentifier>{6498d4fb-4fd8-4e5a-b074-7669fcd7e272}</UniqueIdentifier>
    </Filter>
    <Filter Include="Resource Files\LeetCode\Math">
      <UniqueIdentifier>{40b216a3-1869-4b1c-8db7-cea26f84ac88}</UniqueIdentifier>
    </Filter>
    <Filter Include="Resource Files\Algorithm">
      <UniqueIdentifier>{a921e517-bcb7-43c7-9df3-53fd4343b263}</UniqueIdentifier>
    </Filter>
    <Filter Include="Resource Files\Algorithm\Tree">
      <UniqueIdentifier>{9d1c26af-af73-4305-9aef-ccea71773772}</UniqueIdentifier>
    </Filter>
    <Filter Include="Header Files\Algorithm">
      <UniqueIdentifier>{f6fc310f-d123-4ec7-836d-433d5165a4b7}</UniqueIdentifier>
    </Filter>
    <Filter Include="Header Files\Algorithm\Tree">
      <UniqueIdentifier>{73163c2f-0e30-4e1f-b8fa-fccbb28a6cc9}</UniqueIdentifier>
    </Filter>
    <Filter Include="Resource Files\LeetCode\DFS">
      <UniqueIdentifier>{57d1b0e4-9db5-495a-8320-287082c12232}</UniqueIdentifier>
    </Filter>
    <Filter Include="Resource Files\LeetCode\DP">
      <UniqueIdentifier>{8f71ece1-b298-49c8-8fc0-41adb8aae8e3}</UniqueIdentifier>
    </Filter>
    <Filter Include="Resource Files\STL">
      <UniqueIdentifier>{1922a505-f959-46e7-96ac-03cf8725ee3f}</UniqueIdentifier>
    </Filter>
    <Filter Include="Resource Files\Others">
      <UniqueIdentifier>{8f197bfb-b22c-4ad0-b4f1-b1637250ca80}</UniqueIdentifier>
    </Filter>
    <Filter Include="Resource Files\Test">
      <UniqueIdentifier>{5bfe2bee-394b-4a69-a422-4ea86092f075}</UniqueIdentifier>
    </Filter>
    <Filter Include="Header Files\Others">
      <UniqueIdentifier>{a98243ec-a761-4543-b419-846d85587b9a}</UniqueIdentifier>
    </Filter>
    <Filter Include="Resource Files\LeetCode\LinkedList">
      <UniqueIdentifier>{ef61b73d-c0a9-4844-a9e6-e64f137833cf}</UniqueIdentifier>
    </Filter>
    <Filter Include="Resource Files\LeetCode\TowPointers">
      <UniqueIdentifier>{a4e9ac24-a495-469f-99d1-ba75fa05b5a7}</UniqueIdentifier>
    </Filter>
    <Filter Include="Resource Files\LeetCode\Map">
      <UniqueIdentifier>{3cac424d-2ee8-43e9-912a-e26aae2750df}</UniqueIdentifier>
    </Filter>
    <Filter Include="Resource Files\LeetCode\Graph">
      <UniqueIdentifier>{99a81a8c-495c-4fd6-a38d-0333855f95a0}</UniqueIdentifier>
    </Filter>
    <Filter Include="Resource Files\LeetCode\SubSets">
      <UniqueIdentifier>{1d7b38ec-36ed-4504-bdb9-9ebfc3d7b5c6}</UniqueIdentifier>
    </Filter>
    <Filter Include="Resource Files\LeetCode\String">
      <UniqueIdentifier>{aba05598-c8c3-446d-afa7-8a5fb0cdc91f}</UniqueIdentifier>
    </Filter>
    <Filter Include="Resource Files\Recursion">
      <UniqueIdentifier>{59a8085b-11a9-455f-972c-4fec5a0f39f5}</UniqueIdentifier>
    </Filter>
    <Filter Include="Resource Files\LeetCode\BFS">
      <UniqueIdentifier>{6d5e65d5-b187-49da-b5f7-51d131ea0ebe}</UniqueIdentifier>
    </Filter>
    <Filter Include="Resource Files\LeetCode\Stack">
      <UniqueIdentifier>{6c219269-0e4e-4977-aef3-277e10925f58}</UniqueIdentifier>
    </Filter>
    <Filter Include="Resource Files\LeetCode\UnionFind">
      <UniqueIdentifier>{a91cb65d-93df-4d23-9a3a-19fd701506e4}</UniqueIdentifier>
    </Filter>
  </ItemGroup>
  <ItemGroup>
    <ClCompile Include="Problem771.cpp">
      <Filter>Resource Files\LeetCode\HashTable</Filter>
    </ClCompile>
    <ClCompile Include="Problem709.cpp">
      <Filter>Resource Files\LeetCode\String</Filter>
    </ClCompile>
    <ClCompile Include="Problem804.cpp">
      <Filter>Resource Files\LeetCode\String</Filter>
    </ClCompile>
    <ClCompile Include="Problem461.cpp">
      <Filter>Resource Files\LeetCode\BitManipulation</Filter>
    </ClCompile>
    <ClCompile Include="Problem657.cpp">
      <Filter>Resource Files\LeetCode\String</Filter>
    </ClCompile>
    <ClCompile Include="Problem832.cpp">
      <Filter>Resource Files\LeetCode\Array</Filter>
    </ClCompile>
    <ClCompile Include="Problem852.cpp">
      <Filter>Resource Files\LeetCode\BinarySearch</Filter>
    </ClCompile>
    <ClCompile Include="Problem893.cpp">
      <Filter>Resource Files\LeetCode\String</Filter>
    </ClCompile>
    <ClCompile Include="Problem590.cpp">
      <Filter>Resource Files\LeetCode\Tree</Filter>
    </ClCompile>
    <ClCompile Include="Problem892.cpp">
      <Filter>Resource Files\LeetCode\Math</Filter>
    </ClCompile>
    <ClCompile Include="Tree.cpp">
      <Filter>Resource Files\Algorithm\Tree</Filter>
    </ClCompile>
    <ClCompile Include="InorderTraversal.cpp">
      <Filter>Resource Files\Algorithm\Tree</Filter>
    </ClCompile>
    <ClCompile Include="PostorderTraversal.cpp">
      <Filter>Resource Files\Algorithm\Tree</Filter>
    </ClCompile>
    <ClCompile Include="PreorderTraversal.cpp">
      <Filter>Resource Files\Algorithm\Tree</Filter>
    </ClCompile>
    <ClCompile Include="SequenceTraversal.cpp">
      <Filter>Resource Files\Algorithm\Tree</Filter>
    </ClCompile>
    <ClCompile Include="Problem783.cpp">
      <Filter>Resource Files\LeetCode\Tree</Filter>
    </ClCompile>
    <ClCompile Include="Problem812.cpp">
      <Filter>Resource Files\LeetCode\Math</Filter>
    </ClCompile>
    <ClCompile Include="Problem788.cpp">
      <Filter>Resource Files\LeetCode\String</Filter>
    </ClCompile>
    <ClCompile Include="Problem733.cpp">
      <Filter>Resource Files\LeetCode\DFS</Filter>
    </ClCompile>
    <ClCompile Include="Problem650.cpp">
      <Filter>Resource Files\LeetCode\DP</Filter>
    </ClCompile>
    <ClCompile Include="Test.cpp">
      <Filter>Resource Files\Test</Filter>
    </ClCompile>
    <ClCompile Include="HeaderFileDemo.cpp">
      <Filter>Resource Files\Others</Filter>
    </ClCompile>
    <ClCompile Include="HeaderFileAux.cpp">
      <Filter>Resource Files\Others</Filter>
    </ClCompile>
    <ClCompile Include="ThreadDemo.cpp">
      <Filter>Resource Files\Others</Filter>
    </ClCompile>
    <ClCompile Include="TreeDemo.cpp">
      <Filter>Resource Files\Algorithm\Tree</Filter>
    </ClCompile>
    <ClCompile Include="PriorityQueueDemo.cpp">
      <Filter>Resource Files\STL</Filter>
    </ClCompile>
    <ClCompile Include="SortDemo.cpp">
      <Filter>Resource Files\STL</Filter>
    </ClCompile>
    <ClCompile Include="TypeConvert.cpp">
      <Filter>Resource Files\Others</Filter>
    </ClCompile>
    <ClCompile Include="Problem533.cpp">
      <Filter>Resource Files\LeetCode\String</Filter>
    </ClCompile>
    <ClCompile Include="Problem817.cpp">
      <Filter>Resource Files\LeetCode\LinkedList</Filter>
    </ClCompile>
    <ClCompile Include="Problem725.cpp">
      <Filter>Resource Files\LeetCode\LinkedList</Filter>
    </ClCompile>
    <ClCompile Include="Problem638.cpp">
      <Filter>Resource Files\LeetCode\DP</Filter>
    </ClCompile>
    <ClCompile Include="Problem897.cpp">
      <Filter>Resource Files\LeetCode\Tree</Filter>
    </ClCompile>
    <ClCompile Include="Problem743.cpp">
      <Filter>Resource Files\LeetCode\Graph</Filter>
    </ClCompile>
    <ClCompile Include="Problem914.cpp">
      <Filter>Resource Files\LeetCode\Array</Filter>
    </ClCompile>
    <ClCompile Include="Problem784.cpp">
      <Filter>Resource Files\LeetCode\SubSets</Filter>
    </ClCompile>
    <ClCompile Include="Problem905.cpp">
      <Filter>Resource Files\LeetCode\Array</Filter>
    </ClCompile>
    <ClCompile Include="Problem922.cpp">
      <Filter>Resource Files\LeetCode\Array</Filter>
    </ClCompile>
    <ClCompile Include="Problem908.cpp">
      <Filter>Resource Files\LeetCode\TowPointers</Filter>
    </ClCompile>
    <ClCompile Include="Problem910.cpp">
      <Filter>Resource Files\LeetCode\TowPointers</Filter>
    </ClCompile>
    <ClCompile Include="Question632.cpp">
      <Filter>Resource Files\LeetCode\TowPointers</Filter>
    </ClCompile>
    <ClCompile Include="Problem819.cpp">
      <Filter>Resource Files\LeetCode\String</Filter>
    </ClCompile>
    <ClCompile Include="Problem921.cpp">
      <Filter>Resource Files\LeetCode\String</Filter>
    </ClCompile>
    <ClCompile Include="Problem865.cpp">
      <Filter>Resource Files\LeetCode\Tree</Filter>
    </ClCompile>
    <ClCompile Include="Problem919.cpp">
      <Filter>Resource Files\LeetCode\Tree</Filter>
    </ClCompile>
    <ClCompile Include="Problem846.cpp">
      <Filter>Resource Files\LeetCode\Map</Filter>
    </ClCompile>
    <ClCompile Include="StringOperation.cpp">
      <Filter>Resource Files\Others</Filter>
    </ClCompile>
    <ClCompile Include="Problem873.cpp">
      <Filter>Resource Files\LeetCode\DP</Filter>
    </ClCompile>
    <ClCompile Include="Problem835.cpp">
      <Filter>Resource Files\LeetCode\Array</Filter>
    </ClCompile>
    <ClCompile Include="Problem779.cpp">
      <Filter>Resource Files\Recursion</Filter>
    </ClCompile>
    <ClCompile Include="Problem670.cpp">
      <Filter>Resource Files\LeetCode\Array</Filter>
    </ClCompile>
    <ClCompile Include="Problem813.cpp">
      <Filter>Resource Files\LeetCode\DP</Filter>
    </ClCompile>
    <ClCompile Include="Problem729.cpp">
      <Filter>Resource Files\LeetCode\Array</Filter>
    </ClCompile>
    <ClCompile Include="Problem731.cpp">
      <Filter>Resource Files\LeetCode\Array</Filter>
    </ClCompile>
    <ClCompile Include="Problem732.cpp">
      <Filter>Resource Files\LeetCode\Array</Filter>
    </ClCompile>
    <ClCompile Include="SetDemo.cpp">
      <Filter>Resource Files\STL</Filter>
    </ClCompile>
    <ClCompile Include="MapDemo.cpp">
      <Filter>Resource Files\STL</Filter>
    </ClCompile>
    <ClCompile Include="Problem900.cpp">
      <Filter>Resource Files\LeetCode\Array</Filter>
    </ClCompile>
    <ClCompile Include="Problem752.cpp">
      <Filter>Resource Files\LeetCode\BFS</Filter>
    </ClCompile>
    <ClCompile Include="Problem820.cpp">
      <Filter>Resource Files\LeetCode\Tree</Filter>
    </ClCompile>
    <ClCompile Include="Problem901.cpp">
      <Filter>Resource Files\LeetCode\Stack</Filter>
    </ClCompile>
    <ClCompile Include="Problem740.cpp">
      <Filter>Resource Files\LeetCode\DP</Filter>
    </ClCompile>
    <ClCompile Include="Problem911.cpp">
      <Filter>Source Files</Filter>
    </ClCompile>
    <ClCompile Include="Problem917.cpp">
      <Filter>Resource Files\LeetCode\TowPointers</Filter>
    </ClCompile>
    <ClCompile Include="Problem623.cpp">
      <Filter>Resource Files\LeetCode\Tree</Filter>
    </ClCompile>
    <ClCompile Include="Problem684.cpp">
      <Filter>Resource Files\LeetCode\UnionFind</Filter>
    </ClCompile>
    <ClCompile Include="Problem685.cpp">
      <Filter>Resource Files\LeetCode\UnionFind</Filter>
    </ClCompile>
    <ClCompile Include="Problem583.cpp">
      <Filter>Resource Files\LeetCode\String</Filter>
    </ClCompile>
    <ClCompile Include="MaxMinVal.cpp">
      <Filter>Resource Files\STL</Filter>
    </ClCompile>
    <ClCompile Include="Problem853.cpp">
      <Filter>Resource Files\LeetCode\Stack</Filter>
    </ClCompile>
  </ItemGroup>
  <ItemGroup>
    <ClInclude Include="stdafx.h">
      <Filter>Header Files</Filter>
    </ClInclude>
    <ClInclude Include="targetver.h">
      <Filter>Header Files</Filter>
    </ClInclude>
    <ClInclude Include="Tree.h">
      <Filter>Header Files\Algorithm\Tree</Filter>
    </ClInclude>
    <ClInclude Include="InorderTraversal.h">
      <Filter>Header Files\Algorithm\Tree</Filter>
    </ClInclude>
    <ClInclude Include="PostorderTraversal.h">
      <Filter>Header Files\Algorithm\Tree</Filter>
    </ClInclude>
    <ClInclude Include="PreorderTraversal.h">
      <Filter>Header Files\Algorithm\Tree</Filter>
    </ClInclude>
    <ClInclude Include="SequenceTraversal.h">
      <Filter>Header Files\Algorithm\Tree</Filter>
    </ClInclude>
    <ClInclude Include="HeaderFileAux.h">
      <Filter>Header Files\Others</Filter>
    </ClInclude>
    <ClInclude Include="StringOperation.h">
      <Filter>Header Files\Others</Filter>
    </ClInclude>
  </ItemGroup>
</Project>