<?xml version="1.0" encoding="utf-8"?>
<Project ToolsVersion="4.0" xmlns="http://schemas.microsoft.com/developer/msbuild/2003">
  <ItemGroup>
    <Filter Include="Source Files">
      <UniqueIdentifier>{4FC737F1-C7A5-4376-A066-2A32D752A2FF}</UniqueIdentifier>
      <Extensions>cpp;c;cc;cxx;def;odl;idl;hpj;bat;asm;asmx</Extensions>
    </Filter>
    <Filter Include="Header Files">
      <UniqueIdentifier>{93995380-89BD-4b04-88EB-625FBE52EBFB}</UniqueIdentifier>
      <Extensions>h;hh;hpp;hxx;hm;inl;inc;ipp;xsd</Extensions>
    </Filter>
    <Filter Include="Resource Files">
      <UniqueIdentifier>{67DA6AB6-F800-4c08-8B7A-83BB121AAD01}</UniqueIdentifier>
      <Extensions>rc;ico;cur;bmp;dlg;rc2;rct;bin;rgs;gif;jpg;jpeg;jpe;resx;tiff;tif;png;wav;mfcribbon-ms</Extensions>
    </Filter>
    <Filter Include="Resource Files\Test">
      <UniqueIdentifier>{8f197bfb-b22c-4ad0-b4f1-b1637250ca80}</UniqueIdentifier>
    </Filter>
    <Filter Include="Header Files\Test">
      <UniqueIdentifier>{a98243ec-a761-4543-b419-846d85587b9a}</UniqueIdentifier>
    </Filter>
    <Filter Include="Resource Files\LeetCode">
      <UniqueIdentifier>{c70d16ff-6d37-4217-be77-c05ffb3e9965}</UniqueIdentifier>
    </Filter>
    <Filter Include="Resource Files\LeetCode\HashTable">
      <UniqueIdentifier>{3e16882f-45d5-424f-8394-5770ce0e5e5e}</UniqueIdentifier>
    </Filter>
    <Filter Include="Resource Files\LeetCode\String">
      <UniqueIdentifier>{aba05598-c8c3-446d-afa7-8a5fb0cdc91f}</UniqueIdentifier>
    </Filter>
    <Filter Include="Resource Files\LeetCode\BitManipulation">
      <UniqueIdentifier>{dda17555-90da-43be-864a-07eda9b5b6a8}</UniqueIdentifier>
    </Filter>
    <Filter Include="Resource Files\LeetCode\Array">
      <UniqueIdentifier>{1e832dff-d713-41cb-8e44-ab51f5cb5423}</UniqueIdentifier>
    </Filter>
    <Filter Include="Resource Files\LeetCode\BinarySearch">
      <UniqueIdentifier>{8f450472-3a1c-40dc-ac74-c2adf76014f2}</UniqueIdentifier>
    </Filter>
    <Filter Include="Resource Files\LeetCode\Tree">
      <UniqueIdentifier>{6498d4fb-4fd8-4e5a-b074-7669fcd7e272}</UniqueIdentifier>
    </Filter>
    <Filter Include="Resource Files\LeetCode\Math">
      <UniqueIdentifier>{40b216a3-1869-4b1c-8db7-cea26f84ac88}</UniqueIdentifier>
    </Filter>
    <Filter Include="Resource Files\Algorithm">
      <UniqueIdentifier>{a921e517-bcb7-43c7-9df3-53fd4343b263}</UniqueIdentifier>
    </Filter>
    <Filter Include="Resource Files\Algorithm\Tree">
      <UniqueIdentifier>{9d1c26af-af73-4305-9aef-ccea71773772}</UniqueIdentifier>
    </Filter>
  </ItemGroup>
  <ItemGroup>
    <ClCompile Include="TestCppMapSet.cpp">
      <Filter>Resource Files\Test</Filter>
    </ClCompile>
    <ClCompile Include="TestCppHeaderFile.cpp">
      <Filter>Resource Files\Test</Filter>
    </ClCompile>
    <ClCompile Include="TestCppHeaderFileAux.cpp">
      <Filter>Resource Files\Test</Filter>
    </ClCompile>
    <ClCompile Include="TestCppThread.cpp">
      <Filter>Resource Files\Test</Filter>
    </ClCompile>
    <ClCompile Include="TestCppLeetCode.cpp">
      <Filter>Resource Files\Test</Filter>
    </ClCompile>
    <ClCompile Include="Problem771.cpp">
      <Filter>Resource Files\LeetCode\HashTable</Filter>
    </ClCompile>
    <ClCompile Include="Problem709.cpp">
      <Filter>Resource Files\LeetCode\String</Filter>
    </ClCompile>
    <ClCompile Include="Problem804.cpp">
      <Filter>Resource Files\LeetCode\String</Filter>
    </ClCompile>
    <ClCompile Include="Problem461.cpp">
      <Filter>Resource Files\LeetCode\BitManipulation</Filter>
    </ClCompile>
    <ClCompile Include="Problem657.cpp">
      <Filter>Resource Files\LeetCode\String</Filter>
    </ClCompile>
    <ClCompile Include="Problem832.cpp">
      <Filter>Resource Files\LeetCode\Array</Filter>
    </ClCompile>
    <ClCompile Include="Problem852.cpp">
      <Filter>Resource Files\LeetCode\BinarySearch</Filter>
    </ClCompile>
    <ClCompile Include="Problem893.cpp">
      <Filter>Resource Files\LeetCode\String</Filter>
    </ClCompile>
    <ClCompile Include="Problem590.cpp">
      <Filter>Resource Files\LeetCode\Tree</Filter>
    </ClCompile>
    <ClCompile Include="Problem892.cpp">
      <Filter>Resource Files\LeetCode\Math</Filter>
    </ClCompile>
  </ItemGroup>
  <ItemGroup>
    <ClInclude Include="stdafx.h">
      <Filter>Header Files</Filter>
    </ClInclude>
    <ClInclude Include="targetver.h">
      <Filter>Header Files</Filter>
    </ClInclude>
    <ClInclude Include="TestCppHeaderFileAux.h">
      <Filter>Header Files\Test</Filter>
    </ClInclude>
  </ItemGroup>
</Project>